
Microsoft Visual Studio Solution File, Format Version 12.00
# Visual Studio Version 17
VisualStudioVersion = 17.5.002.0
MinimumVisualStudioVersion = 10.0.40219.1
Project("{9A19103F-16F7-4668-BE54-9A1E7A4F7556}") = "Lat1", "Lat1\Lat1.csproj", "{03B5C1CF-B34C-40C0-A0D0-1F8A7D4623DD}"
EndProject
Global
	GlobalSection(SolutionConfigurationPlatforms) = preSolution
		Debug|Any CPU = Debug|Any CPU
		Release|Any CPU = Release|Any CPU
	EndGlobalSection
	GlobalSection(ProjectConfigurationPlatforms) = postSolution
		{03B5C1CF-B34C-40C0-A0D0-1F8A7D4623DD}.Debug|Any CPU.ActiveCfg = Debug|Any CPU
		{03B5C1CF-B34C-40C0-A0D0-1F8A7D4623DD}.Debug|Any CPU.Build.0 = Debug|Any CPU
		{03B5C1CF-B34C-40C0-A0D0-1F8A7D4623DD}.Release|Any CPU.ActiveCfg = Release|Any CPU
		{03B5C1CF-B34C-40C0-A0D0-1F8A7D4623DD}.Release|Any CPU.Build.0 = Release|Any CPU
	EndGlobalSection
	GlobalSection(SolutionProperties) = preSolution
		HideSolutionNode = FALSE
	EndGlobalSection
	GlobalSection(ExtensibilityGlobals) = postSolution
		SolutionGuid = {4A627BC7-5EB1-4B85-8BEF-6C1987E3AD1F}
	EndGlobalSection
EndGlobal
